{
  "name": "fs-queued",
  "version": "1.0.0",
  "lockfileVersion": 2,
  "requires": true,
  "packages": {
    "": {
      "name": "fs-queued",
      "version": "1.0.0",
      "license": "MIT",
      "dependencies": {
        "runjob": "^1.1.2"
      }
    },
    "node_modules/runjob": {
      "version": "1.1.2",
      "resolved": "https://registry.npmjs.org/runjob/-/runjob-1.1.2.tgz",
      "integrity": "sha512-faPYE+fcaVkb8uKaDSY870lhSrhVOilCENtLs2pbi3cVobq7sQjH1cCQVf7fztFc9iu4yyBIj3SiMEf//FzuBQ==",
      "dependencies": {
        "uuid": "^8.3.2"
      }
    },
    "node_modules/uuid": {
      "version": "8.3.2",
      "resolved": "https://registry.npmjs.org/uuid/-/uuid-8.3.2.tgz",
      "integrity": "sha512-+NYs2QeMWy+GWFOEm9xnn6HCDp0l7QBD7ml8zLUmJ+93Q5NF0NocErnwkTkXVFNiX3/fpC6afS8Dhb/gz7R7eg==",
      "bin": {
        "uuid": "dist/bin/uuid"
      }
    }
  },
  "dependencies": {
    "runjob": {
      "version": "1.1.2",
      "resolved": "https://registry.npmjs.org/runjob/-/runjob-1.1.2.tgz",
      "integrity": "sha512-faPYE+fcaVkb8uKaDSY870lhSrhVOilCENtLs2pbi3cVobq7sQjH1cCQVf7fztFc9iu4yyBIj3SiMEf//FzuBQ==",
      "requires": {
        "uuid": "^8.3.2"
      }
    },
    "uuid": {
      "version": "8.3.2",
      "resolved": "https://registry.npmjs.org/uuid/-/uuid-8.3.2.tgz",
      "integrity": "sha512-+NYs2QeMWy+GWFOEm9xnn6HCDp0l7QBD7ml8zLUmJ+93Q5NF0NocErnwkTkXVFNiX3/fpC6afS8Dhb/gz7R7eg=="
    }
  }
}
